
Microsoft Visual Studio Solution File, Format Version 12.00
# Visual Studio Version 17
VisualStudioVersion = 17.2.32519.379
MinimumVisualStudioVersion = 10.0.40219.1
Project("{FAE04EC0-301F-11D3-BF4B-00C04F79EFBC}") = "Final Term Project", "Final Term Project\Final Term Project.csproj", "{E72612FF-1306-45A0-BA6A-C6A8F9E778D6}"
EndProject
Global
	GlobalSection(SolutionConfigurationPlatforms) = preSolution
		Debug|Any CPU = Debug|Any CPU
		Release|Any CPU = Release|Any CPU
	EndGlobalSection
	GlobalSection(ProjectConfigurationPlatforms) = postSolution
		{E72612FF-1306-45A0-BA6A-C6A8F9E778D6}.Debug|Any CPU.ActiveCfg = Debug|Any CPU
		{E72612FF-1306-45A0-BA6A-C6A8F9E778D6}.Debug|Any CPU.Build.0 = Debug|Any CPU
		{E72612FF-1306-45A0-BA6A-C6A8F9E778D6}.Release|Any CPU.ActiveCfg = Release|Any CPU
		{E72612FF-1306-45A0-BA6A-C6A8F9E778D6}.Release|Any CPU.Build.0 = Release|Any CPU
	EndGlobalSection
	GlobalSection(SolutionProperties) = preSolution
		HideSolutionNode = FALSE
	EndGlobalSection
	GlobalSection(ExtensibilityGlobals) = postSolution
		SolutionGuid = {7D425111-4F37-4971-A9F6-36CCE60CB84C}
	EndGlobalSection
EndGlobal
